
Microsoft Visual Studio Solution File, Format Version 12.00
# Visual Studio Version 17
VisualStudioVersion = 17.8.34330.188
MinimumVisualStudioVersion = 10.0.40219.1
Project("{FAE04EC0-301F-11D3-BF4B-00C04F79EFBC}") = "LUNAR VERIFY", "LUNAR VERIFY\LUNAR VERIFY.csproj", "{5E88457B-0E41-4CB2-BEEB-C3CAC33D0CB9}"
EndProject
Global
	GlobalSection(SolutionConfigurationPlatforms) = preSolution
		Debug|Any CPU = Debug|Any CPU
		Release|Any CPU = Release|Any CPU
	EndGlobalSection
	GlobalSection(ProjectConfigurationPlatforms) = postSolution
		{5E88457B-0E41-4CB2-BEEB-C3CAC33D0CB9}.Debug|Any CPU.ActiveCfg = Debug|Any CPU
		{5E88457B-0E41-4CB2-BEEB-C3CAC33D0CB9}.Debug|Any CPU.Build.0 = Debug|Any CPU
		{5E88457B-0E41-4CB2-BEEB-C3CAC33D0CB9}.Release|Any CPU.ActiveCfg = Release|Any CPU
		{5E88457B-0E41-4CB2-BEEB-C3CAC33D0CB9}.Release|Any CPU.Build.0 = Release|Any CPU
	EndGlobalSection
	GlobalSection(SolutionProperties) = preSolution
		HideSolutionNode = FALSE
	EndGlobalSection
	GlobalSection(ExtensibilityGlobals) = postSolution
		SolutionGuid = {86F7D76E-36AE-475B-8B37-E43E2BFE269D}
	EndGlobalSection
EndGlobal
